// !$*UTF8*$!
{
	archiveVersion = 1;
	classes = {
	};
	objectVersion = 54;
	objects = {

/* Begin PBXBuildFile section */
		6818015225ACD494005376A9 /* AppDelegate.swift in Sources */ = {isa = PBXBuildFile; fileRef = 6818015125ACD494005376A9 /* AppDelegate.swift */; };
		6818015425ACD494005376A9 /* SceneDelegate.swift in Sources */ = {isa = PBXBuildFile; fileRef = 6818015325ACD494005376A9 /* SceneDelegate.swift */; };
		6818015625ACD494005376A9 /* ViewController.swift in Sources */ = {isa = PBXBuildFile; fileRef = 6818015525ACD494005376A9 /* ViewController.swift */; };
		6818015925ACD494005376A9 /* Main.storyboard in Resources */ = {isa = PBXBuildFile; fileRef = 6818015725ACD494005376A9 /* Main.storyboard */; };
		6818015B25ACD498005376A9 /* Assets.xcassets in Resources */ = {isa = PBXBuildFile; fileRef = 6818015A25ACD498005376A9 /* Assets.xcassets */; };
		6818015E25ACD498005376A9 /* LaunchScreen.storyboard in Resources */ = {isa = PBXBuildFile; fileRef = 6818015C25ACD498005376A9 /* LaunchScreen.storyboard */; };
		6818016925ACD498005376A9 /* FooBarTests.swift in Sources */ = {isa = PBXBuildFile; fileRef = 6818016825ACD498005376A9 /* FooBarTests.swift */; };
		6818017425ACD498005376A9 /* FooBarUITests.swift in Sources */ = {isa = PBXBuildFile; fileRef = 6818017325ACD498005376A9 /* FooBarUITests.swift */; };
/* End PBXBuildFile section */

/* Begin PBXContainerItemProxy section */
		6818016525ACD498005376A9 /* PBXContainerItemProxy */ = {
			isa = PBXContainerItemProxy;
			containerPortal = 6818014625ACD494005376A9 /* Project object */;
			proxyType = 1;
			remoteGlobalIDString = 6818014D25ACD494005376A9;
			remoteInfo = FooBar;
		};
		6818017025ACD498005376A9 /* PBXContainerItemProxy */ = {
			isa = PBXContainerItemProxy;
			containerPortal = 6818014625ACD494005376A9 /* Project object */;
			proxyType = 1;
			remoteGlobalIDString = 6818014D25ACD494005376A9;
			remoteInfo = FooBar;
		};
/* End PBXContainerItemProxy section */

/* Begin PBXFileReference section */
		6818014E25ACD494005376A9 /* FooBar.app */ = {isa = PBXFileReference; explicitFileType = wrapper.application; includeInIndex = 0; path = FooBar.app; sourceTree = BUILT_PRODUCTS_DIR; };
		6818015125ACD494005376A9 /* AppDelegate.swift */ = {isa = PBXFileReference; lastKnownFileType = sourcecode.swift; path = AppDelegate.swift; sourceTree = "<group>"; };
		6818015325ACD494005376A9 /* SceneDelegate.swift */ = {isa = PBXFileReference; lastKnownFileType = sourcecode.swift; path = SceneDelegate.swift; sourceTree = "<group>"; };
		6818015525ACD494005376A9 /* ViewController.swift */ = {isa = PBXFileReference; lastKnownFileType = sourcecode.swift; path = ViewController.swift; sourceTree = "<group>"; };
		6818015825ACD494005376A9 /* Base */ = {isa = PBXFileReference; lastKnownFileType = file.storyboard; name = Base; path = Base.lproj/Main.storyboard; sourceTree = "<group>"; };
		6818015A25ACD498005376A9 /* Assets.xcassets */ = {isa = PBXFileReference; lastKnownFileType = folder.assetcatalog; path = Assets.xcassets; sourceTree = "<group>"; };
		6818015D25ACD498005376A9 /* Base */ = {isa = PBXFileReference; lastKnownFileType = file.storyboard; name = Base; path = Base.lproj/LaunchScreen.storyboard; sourceTree = "<group>"; };
		6818015F25ACD498005376A9 /* Info.plist */ = {isa = PBXFileReference; lastKnownFileType = text.plist.xml; path = Info.plist; sourceTree = "<group>"; };
		6818016425ACD498005376A9 /* FooBarTests.xctest */ = {isa = PBXFileReference; explicitFileType = wrapper.cfbundle; includeInIndex = 0; path = FooBarTests.xctest; sourceTree = BUILT_PRODUCTS_DIR; };
		6818016825ACD498005376A9 /* FooBarTests.swift */ = {isa = PBXFileReference; lastKnownFileType = sourcecode.swift; path = FooBarTests.swift; sourceTree = "<group>"; };
		6818016A25ACD498005376A9 /* Info.plist */ = {isa = PBXFileReference; lastKnownFileType = text.plist.xml; path = Info.plist; sourceTree = "<group>"; };
		6818016F25ACD498005376A9 /* FooBarUITests.xctest */ = {isa = PBXFileReference; explicitFileType = wrapper.cfbundle; includeInIndex = 0; path = FooBarUITests.xctest; sourceTree = BUILT_PRODUCTS_DIR; };
		6818017325ACD498005376A9 /* FooBarUITests.swift */ = {isa = PBXFileReference; lastKnownFileType = sourcecode.swift; path = FooBarUITests.swift; sourceTree = "<group>"; };
		6818017525ACD498005376A9 /* Info.plist */ = {isa = PBXFileReference; lastKnownFileType = text.plist.xml; path = Info.plist; sourceTree = "<group>"; };
/* End PBXFileReference section */

/* Begin PBXFrameworksBuildPhase section */
		6818014B25ACD494005376A9 /* Frameworks */ = {
			isa = PBXFrameworksBuildPhase;
			buildActionMask = 2147483647;
			files = (
			);
			runOnlyForDeploymentPostprocessing = 0;
		};
		6818016125ACD498005376A9 /* Frameworks */ = {
			isa = PBXFrameworksBuildPhase;
			buildActionMask = 2147483647;
			files = (
			);
			runOnlyForDeploymentPostprocessing = 0;
		};
		6818016C25ACD498005376A9 /* Frameworks */ = {
			isa = PBXFrameworksBuildPhase;
			buildActionMask = 2147483647;
			files = (
			);
			runOnlyForDeploymentPostprocessing = 0;
		};
/* End PBXFrameworksBuildPhase section */

/* Begin PBXGroup section */
		6818014525ACD494005376A9 = {
			isa = PBXGroup;
			children = (
				6818015025ACD494005376A9 /* FooBar */,
				6818016725ACD498005376A9 /* FooBarTests */,
				6818017225ACD498005376A9 /* FooBarUITests */,
				6818014F25ACD494005376A9 /* Products */,
			);
			sourceTree = "<group>";
		};
		6818014F25ACD494005376A9 /* Products */ = {
			isa = PBXGroup;
			children = (
				6818014E25ACD494005376A9 /* FooBar.app */,
				6818016425ACD498005376A9 /* FooBarTests.xctest */,
				6818016F25ACD498005376A9 /* FooBarUITests.xctest */,
			);
			name = Products;
			sourceTree = "<group>";
		};
		6818015025ACD494005376A9 /* FooBar */ = {
			isa = PBXGroup;
			children = (
				6818015125ACD494005376A9 /* AppDelegate.swift */,
				6818015325ACD494005376A9 /* SceneDelegate.swift */,
				6818015525ACD494005376A9 /* ViewController.swift */,
				6818015725ACD494005376A9 /* Main.storyboard */,
				6818015A25ACD498005376A9 /* Assets.xcassets */,
				6818015C25ACD498005376A9 /* LaunchScreen.storyboard */,
				6818015F25ACD498005376A9 /* Info.plist */,
			);
			path = FooBar;
			sourceTree = "<group>";
		};
		6818016725ACD498005376A9 /* FooBarTests */ = {
			isa = PBXGroup;
			children = (
				6818016825ACD498005376A9 /* FooBarTests.swift */,
				6818016A25ACD498005376A9 /* Info.plist */,
			);
			path = FooBarTests;
			sourceTree = "<group>";
		};
		6818017225ACD498005376A9 /* FooBarUITests */ = {
			isa = PBXGroup;
			children = (
				6818017325ACD498005376A9 /* FooBarUITests.swift */,
				6818017525ACD498005376A9 /* Info.plist */,
			);
			path = FooBarUITests;
			sourceTree = "<group>";
		};
/* End PBXGroup section */

/* Begin PBXNativeTarget section */
		6818014D25ACD494005376A9 /* FooBar */ = {
			isa = PBXNativeTarget;
			buildConfigurationList = 6818017825ACD498005376A9 /* Build configuration list for PBXNativeTarget "FooBar" */;
			buildPhases = (
				6818014A25ACD494005376A9 /* Sources */,
				6818014B25ACD494005376A9 /* Frameworks */,
				6818014C25ACD494005376A9 /* Resources */,
			);
			buildRules = (
			);
			dependencies = (
			);
			name = FooBar;
			productName = FooBar;
			productReference = 6818014E25ACD494005376A9 /* FooBar.app */;
			productType = "com.apple.product-type.application";
		};
		6818016325ACD498005376A9 /* FooBarTests */ = {
			isa = PBXNativeTarget;
			buildConfigurationList = 6818017B25ACD498005376A9 /* Build configuration list for PBXNativeTarget "FooBarTests" */;
			buildPhases = (
				6818016025ACD498005376A9 /* Sources */,
				6818016125ACD498005376A9 /* Frameworks */,
				6818016225ACD498005376A9 /* Resources */,
			);
			buildRules = (
			);
			dependencies = (
				6818016625ACD498005376A9 /* PBXTargetDependency */,
			);
			name = FooBarTests;
			productName = FooBarTests;
			productReference = 6818016425ACD498005376A9 /* FooBarTests.xctest */;
			productType = "com.apple.product-type.bundle.unit-test";
		};
		6818016E25ACD498005376A9 /* FooBarUITests */ = {
			isa = PBXNativeTarget;
			buildConfigurationList = 6818017E25ACD498005376A9 /* Build configuration list for PBXNativeTarget "FooBarUITests" */;
			buildPhases = (
				6818016B25ACD498005376A9 /* Sources */,
				6818016C25ACD498005376A9 /* Frameworks */,
				6818016D25ACD498005376A9 /* Resources */,
			);
			buildRules = (
			);
			dependencies = (
				6818017125ACD498005376A9 /* PBXTargetDependency */,
			);
			name = FooBarUITests;
			productName = FooBarUITests;
			productReference = 6818016F25ACD498005376A9 /* FooBarUITests.xctest */;
			productType = "com.apple.product-type.bundle.ui-testing";
		};
/* End PBXNativeTarget section */

/* Begin PBXProject section */
		6818014625ACD494005376A9 /* Project object */ = {
			isa = PBXProject;
			attributes = {
				LastSwiftUpdateCheck = 1230;
				LastUpgradeCheck = 1230;
				TargetAttributes = {
					6818014D25ACD494005376A9 = {
						CreatedOnToolsVersion = 12.3;
					};
					6818016325ACD498005376A9 = {
						CreatedOnToolsVersion = 12.3;
						TestTargetID = 6818014D25ACD494005376A9;
					};
					6818016E25ACD498005376A9 = {
						CreatedOnToolsVersion = 12.3;
						TestTargetID = 6818014D25ACD494005376A9;
					};
				};
			};
			buildConfigurationList = 6818014925ACD494005376A9 /* Build configuration list for PBXProject "FooBar" */;
			compatibilityVersion = "Xcode 12.0";
			developmentRegion = en;
			hasScannedForEncodings = 0;
			knownRegions = (
				en,
				Base,
			);
			mainGroup = 6818014525ACD494005376A9;
			productRefGroup = 6818014F25ACD494005376A9 /* Products */;
			projectDirPath = "";
			projectRoot = "";
			targets = (
				6818014D25ACD494005376A9 /* FooBar */,
				6818016325ACD498005376A9 /* FooBarTests */,
				6818016E25ACD498005376A9 /* FooBarUITests */,
			);
		};
/* End PBXProject section */

/* Begin PBXResourcesBuildPhase section */
		6818014C25ACD494005376A9 /* Resources */ = {
			isa = PBXResourcesBuildPhase;
			buildActionMask = 2147483647;
			files = (
				6818015E25ACD498005376A9 /* LaunchScreen.storyboard in Resources */,
				6818015B25ACD498005376A9 /* Assets.xcassets in Resources */,
				6818015925ACD494005376A9 /* Main.storyboard in Resources */,
			);
			runOnlyForDeploymentPostprocessing = 0;
		};
		6818016225ACD498005376A9 /* Resources */ = {
			isa = PBXResourcesBuildPhase;
			buildActionMask = 2147483647;
			files = (
			);
			runOnlyForDeploymentPostprocessing = 0;
		};
		6818016D25ACD498005376A9 /* Resources */ = {
			isa = PBXResourcesBuildPhase;
			buildActionMask = 2147483647;
			files = (
			);
			runOnlyForDeploymentPostprocessing = 0;
		};
/* End PBXResourcesBuildPhase section */

/* Begin PBXSourcesBuildPhase section */
		6818014A25ACD494005376A9 /* Sources */ = {
			isa = PBXSourcesBuildPhase;
			buildActionMask = 2147483647;
			files = (
				6818015625ACD494005376A9 /* ViewController.swift in Sources */,
				6818015225ACD494005376A9 /* AppDelegate.swift in Sources */,
				6818015425ACD494005376A9 /* SceneDelegate.swift in Sources */,
			);
			runOnlyForDeploymentPostprocessing = 0;
		};
		6818016025ACD498005376A9 /* Sources */ = {
			isa = PBXSourcesBuildPhase;
			buildActionMask = 2147483647;
			files = (
				6818016925ACD498005376A9 /* FooBarTests.swift in Sources */,
			);
			runOnlyForDeploymentPostprocessing = 0;
		};
		6818016B25ACD498005376A9 /* Sources */ = {
			isa = PBXSourcesBuildPhase;
			buildActionMask = 2147483647;
			files = (
				6818017425ACD498005376A9 /* FooBarUITests.swift in Sources */,
			);
			runOnlyForDeploymentPostprocessing = 0;
		};
/* End PBXSourcesBuildPhase section */

/* Begin PBXTargetDependency section */
		6818016625ACD498005376A9 /* PBXTargetDependency */ = {
			isa = PBXTargetDependency;
			target = 6818014D25ACD494005376A9 /* FooBar */;
			targetProxy = 6818016525ACD498005376A9 /* PBXContainerItemProxy */;
		};
		6818017125ACD498005376A9 /* PBXTargetDependency */ = {
			isa = PBXTargetDependency;
			target = 6818014D25ACD494005376A9 /* FooBar */;
			targetProxy = 6818017025ACD498005376A9 /* PBXContainerItemProxy */;
		};
/* End PBXTargetDependency section */

/* Begin PBXVariantGroup section */
		6818015725ACD494005376A9 /* Main.storyboard */ = {
			isa = PBXVariantGroup;
			children = (
				6818015825ACD494005376A9 /* Base */,
			);
			name = Main.storyboard;
			sourceTree = "<group>";
		};
		6818015C25ACD498005376A9 /* LaunchScreen.storyboard */ = {
			isa = PBXVariantGroup;
			children = (
				6818015D25ACD498005376A9 /* Base */,
			);
			name = LaunchScreen.storyboard;
			sourceTree = "<group>";
		};
/* End PBXVariantGroup section */

/* Begin XCBuildConfiguration section */
		6818017625ACD498005376A9 /* Debug */ = {
			isa = XCBuildConfiguration;
			buildSettings = {
				ALWAYS_SEARCH_USER_PATHS = NO;
				CLANG_ANALYZER_NONNULL = YES;
				CLANG_ANALYZER_NUMBER_OBJECT_CONVERSION = YES_AGGRESSIVE;
				CLANG_CXX_LANGUAGE_STANDARD = "gnu++14";
				CLANG_CXX_LIBRARY = "libc++";
				CLANG_ENABLE_MODULES = YES;
				CLANG_ENABLE_OBJC_ARC = YES;
				CLANG_ENABLE_OBJC_WEAK = YES;
				CLANG_WARN_BLOCK_CAPTURE_AUTORELEASING = YES;
				CLANG_WARN_BOOL_CONVERSION = YES;
				CLANG_WARN_COMMA = YES;
				CLANG_WARN_CONSTANT_CONVERSION = YES;
				CLANG_WARN_DEPRECATED_OBJC_IMPLEMENTATIONS = YES;
				CLANG_WARN_DIRECT_OBJC_ISA_USAGE = YES_ERROR;
				CLANG_WARN_DOCUMENTATION_COMMENTS = YES;
				CLANG_WARN_EMPTY_BODY = YES;
				CLANG_WARN_ENUM_CONVERSION = YES;
				CLANG_WARN_INFINITE_RECURSION = YES;
				CLANG_WARN_INT_CONVERSION = YES;
				CLANG_WARN_NON_LITERAL_NULL_CONVERSION = YES;
				CLANG_WARN_OBJC_IMPLICIT_RETAIN_SELF = YES;
				CLANG_WARN_OBJC_LITERAL_CONVERSION = YES;
				CLANG_WARN_OBJC_ROOT_CLASS = YES_ERROR;
				CLANG_WARN_QUOTED_INCLUDE_IN_FRAMEWORK_HEADER = YES;
				CLANG_WARN_RANGE_LOOP_ANALYSIS = YES;
				CLANG_WARN_STRICT_PROTOTYPES = YES;
				CLANG_WARN_SUSPICIOUS_MOVE = YES;
				CLANG_WARN_UNGUARDED_AVAILABILITY = YES_AGGRESSIVE;
				CLANG_WARN_UNREACHABLE_CODE = YES;
				CLANG_WARN__DUPLICATE_METHOD_MATCH = YES;
				COPY_PHASE_STRIP = NO;
				DEBUG_INFORMATION_FORMAT = dwarf;
				ENABLE_STRICT_OBJC_MSGSEND = YES;
				ENABLE_TESTABILITY = YES;
				GCC_C_LANGUAGE_STANDARD = gnu11;
				GCC_DYNAMIC_NO_PIC = NO;
				GCC_NO_COMMON_BLOCKS = YES;
				GCC_OPTIMIZATION_LEVEL = 0;
				GCC_PREPROCESSOR_DEFINITIONS = (
					"DEBUG=1",
					"$(inherited)",
				);
				GCC_WARN_64_TO_32_BIT_CONVERSION = YES;
				GCC_WARN_ABOUT_RETURN_TYPE = YES_ERROR;
				GCC_WARN_UNDECLARED_SELECTOR = YES;
				GCC_WARN_UNINITIALIZED_AUTOS = YES_AGGRESSIVE;
				GCC_WARN_UNUSED_FUNCTION = YES;
				GCC_WARN_UNUSED_VARIABLE = YES;
				IPHONEOS_DEPLOYMENT_TARGET = 14.3;
				MTL_ENABLE_DEBUG_INFO = INCLUDE_SOURCE;
				MTL_FAST_MATH = YES;
				ONLY_ACTIVE_ARCH = YES;
				SDKROOT = iphoneos;
				SWIFT_ACTIVE_COMPILATION_CONDITIONS = DEBUG;
				SWIFT_OPTIMIZATION_LEVEL = "-Onone";
			};
			name = Debug;
		};
		6818017725ACD498005376A9 /* Release */ = {
			isa = XCBuildConfiguration;
			buildSettings = {
				ALWAYS_SEARCH_USER_PATHS = NO;
				CLANG_ANALYZER_NONNULL = YES;
				CLANG_ANALYZER_NUMBER_OBJECT_CONVERSION = YES_AGGRESSIVE;
				CLANG_CXX_LANGUAGE_STANDARD = "gnu++14";
				CLANG_CXX_LIBRARY = "libc++";
				CLANG_ENABLE_MODULES = YES;
				CLANG_ENABLE_OBJC_ARC = YES;
				CLANG_ENABLE_OBJC_WEAK = YES;
				CLANG_WARN_BLOCK_CAPTURE_AUTORELEASING = YES;
				CLANG_WARN_BOOL_CONVERSION = YES;
				CLANG_WARN_COMMA = YES;
				CLANG_WARN_CONSTANT_CONVERSION = YES;
				CLANG_WARN_DEPRECATED_OBJC_IMPLEMENTATIONS = YES;
				CLANG_WARN_DIRECT_OBJC_ISA_USAGE = YES_ERROR;
				CLANG_WARN_DOCUMENTATION_COMMENTS = YES;
				CLANG_WARN_EMPTY_BODY = YES;
				CLANG_WARN_ENUM_CONVERSION = YES;
				CLANG_WARN_INFINITE_RECURSION = YES;
				CLANG_WARN_INT_CONVERSION = YES;
				CLANG_WARN_NON_LITERAL_NULL_CONVERSION = YES;
				CLANG_WARN_OBJC_IMPLICIT_RETAIN_SELF = YES;
				CLANG_WARN_OBJC_LITERAL_CONVERSION = YES;
				CLANG_WARN_OBJC_ROOT_CLASS = YES_ERROR;
				CLANG_WARN_QUOTED_INCLUDE_IN_FRAMEWORK_HEADER = YES;
				CLANG_WARN_RANGE_LOOP_ANALYSIS = YES;
				CLANG_WARN_STRICT_PROTOTYPES = YES;
				CLANG_WARN_SUSPICIOUS_MOVE = YES;
				CLANG_WARN_UNGUARDED_AVAILABILITY = YES_AGGRESSIVE;
				CLANG_WARN_UNREACHABLE_CODE = YES;
				CLANG_WARN__DUPLICATE_METHOD_MATCH = YES;
				COPY_PHASE_STRIP = NO;
				DEBUG_INFORMATION_FORMAT = "dwarf-with-dsym";
				ENABLE_NS_ASSERTIONS = NO;
				ENABLE_STRICT_OBJC_MSGSEND = YES;
				GCC_C_LANGUAGE_STANDARD = gnu11;
				GCC_NO_COMMON_BLOCKS = YES;
				GCC_WARN_64_TO_32_BIT_CONVERSION = YES;
				GCC_WARN_ABOUT_RETURN_TYPE = YES_ERROR;
				GCC_WARN_UNDECLARED_SELECTOR = YES;
				GCC_WARN_UNINITIALIZED_AUTOS = YES_AGGRESSIVE;
				GCC_WARN_UNUSED_FUNCTION = YES;
				GCC_WARN_UNUSED_VARIABLE = YES;
				IPHONEOS_DEPLOYMENT_TARGET = 14.3;
				MTL_ENABLE_DEBUG_INFO = NO;
				MTL_FAST_MATH = YES;
				SDKROOT = iphoneos;
				SWIFT_COMPILATION_MODE = wholemodule;
				SWIFT_OPTIMIZATION_LEVEL = "-O";
				VALIDATE_PRODUCT = YES;
			};
			name = Release;
		};
		6818017925ACD498005376A9 /* Debug */ = {
			isa = XCBuildConfiguration;
			buildSettings = {
				ASSETCATALOG_COMPILER_APPICON_NAME = AppIcon;
				ASSETCATALOG_COMPILER_GLOBAL_ACCENT_COLOR_NAME = AccentColor;
				CODE_SIGN_STYLE = Automatic;
				INFOPLIST_FILE = FooBar/Info.plist;
				LD_RUNPATH_SEARCH_PATHS = (
					"$(inherited)",
					"@executable_path/Frameworks",
				);
				PRODUCT_BUNDLE_IDENTIFIER = EC.FooBar;
				PRODUCT_NAME = "$(TARGET_NAME)";
				SWIFT_VERSION = 5.0;
				TARGETED_DEVICE_FAMILY = "1,2";
			};
			name = Debug;
		};
		6818017A25ACD498005376A9 /* Release */ = {
			isa = XCBuildConfiguration;
			buildSettings = {
				ASSETCATALOG_COMPILER_APPICON_NAME = AppIcon;
				ASSETCATALOG_COMPILER_GLOBAL_ACCENT_COLOR_NAME = AccentColor;
				CODE_SIGN_STYLE = Automatic;
				INFOPLIST_FILE = FooBar/Info.plist;
				LD_RUNPATH_SEARCH_PATHS = (
					"$(inherited)",
					"@executable_path/Frameworks",
				);
				PRODUCT_BUNDLE_IDENTIFIER = EC.FooBar;
				PRODUCT_NAME = "$(TARGET_NAME)";
				SWIFT_VERSION = 5.0;
				TARGETED_DEVICE_FAMILY = "1,2";
			};
			name = Release;
		};
		6818017C25ACD498005376A9 /* Debug */ = {
			isa = XCBuildConfiguration;
			buildSettings = {
				ALWAYS_EMBED_SWIFT_STANDARD_LIBRARIES = YES;
				BUNDLE_LOADER = "$(TEST_HOST)";
				CODE_SIGN_STYLE = Automatic;
				INFOPLIST_FILE = FooBarTests/Info.plist;
				IPHONEOS_DEPLOYMENT_TARGET = 14.3;
				LD_RUNPATH_SEARCH_PATHS = (
					"$(inherited)",
					"@executable_path/Frameworks",
					"@loader_path/Frameworks",
				);
				PRODUCT_BUNDLE_IDENTIFIER = EC.FooBarTests;
				PRODUCT_NAME = "$(TARGET_NAME)";
				SWIFT_VERSION = 5.0;
				TARGETED_DEVICE_FAMILY = "1,2";
				TEST_HOST = "$(BUILT_PRODUCTS_DIR)/FooBar.app/FooBar";
			};
			name = Debug;
		};
		6818017D25ACD498005376A9 /* Release */ = {
			isa = XCBuildConfiguration;
			buildSettings = {
				ALWAYS_EMBED_SWIFT_STANDARD_LIBRARIES = YES;
				BUNDLE_LOADER = "$(TEST_HOST)";
				CODE_SIGN_STYLE = Automatic;
				INFOPLIST_FILE = FooBarTests/Info.plist;
				IPHONEOS_DEPLOYMENT_TARGET = 14.3;
				LD_RUNPATH_SEARCH_PATHS = (
					"$(inherited)",
					"@executable_path/Frameworks",
					"@loader_path/Frameworks",
				);
				PRODUCT_BUNDLE_IDENTIFIER = EC.FooBarTests;
				PRODUCT_NAME = "$(TARGET_NAME)";
				SWIFT_VERSION = 5.0;
				TARGETED_DEVICE_FAMILY = "1,2";
				TEST_HOST = "$(BUILT_PRODUCTS_DIR)/FooBar.app/FooBar";
			};
			name = Release;
		};
		6818017F25ACD498005376A9 /* Debug */ = {
			isa = XCBuildConfiguration;
			buildSettings = {
				ALWAYS_EMBED_SWIFT_STANDARD_LIBRARIES = YES;
				CODE_SIGN_STYLE = Automatic;
				INFOPLIST_FILE = FooBarUITests/Info.plist;
				LD_RUNPATH_SEARCH_PATHS = (
					"$(inherited)",
					"@executable_path/Frameworks",
					"@loader_path/Frameworks",
				);
				PRODUCT_BUNDLE_IDENTIFIER = EC.FooBarUITests;
				PRODUCT_NAME = "$(TARGET_NAME)";
				SWIFT_VERSION = 5.0;
				TARGETED_DEVICE_FAMILY = "1,2";
				TEST_TARGET_NAME = FooBar;
			};
			name = Debug;
		};
		6818018025ACD498005376A9 /* Release */ = {
			isa = XCBuildConfiguration;
			buildSettings = {
				ALWAYS_EMBED_SWIFT_STANDARD_LIBRARIES = YES;
				CODE_SIGN_STYLE = Automatic;
				INFOPLIST_FILE = FooBarUITests/Info.plist;
				LD_RUNPATH_SEARCH_PATHS = (
					"$(inherited)",
					"@executable_path/Frameworks",
					"@loader_path/Frameworks",
				);
				PRODUCT_BUNDLE_IDENTIFIER = EC.FooBarUITests;
				PRODUCT_NAME = "$(TARGET_NAME)";
				SWIFT_VERSION = 5.0;
				TARGETED_DEVICE_FAMILY = "1,2";
				TEST_TARGET_NAME = FooBar;
			};
			name = Release;
		};
/* End XCBuildConfiguration section */

/* Begin XCConfigurationList section */
		6818014925ACD494005376A9 /* Build configuration list for PBXProject "FooBar" */ = {
			isa = XCConfigurationList;
			buildConfigurations = (
				6818017625ACD498005376A9 /* Debug */,
				6818017725ACD498005376A9 /* Release */,
			);
			defaultConfigurationIsVisible = 0;
			defaultConfigurationName = Release;
		};
		6818017825ACD498005376A9 /* Build configuration list for PBXNativeTarget "FooBar" */ = {
			isa = XCConfigurationList;
			buildConfigurations = (
				6818017925ACD498005376A9 /* Debug */,
				6818017A25ACD498005376A9 /* Release */,
			);
			defaultConfigurationIsVisible = 0;
			defaultConfigurationName = Release;
		};
		6818017B25ACD498005376A9 /* Build configuration list for PBXNativeTarget "FooBarTests" */ = {
			isa = XCConfigurationList;
			buildConfigurations = (
				6818017C25ACD498005376A9 /* Debug */,
				6818017D25ACD498005376A9 /* Release */,
			);
			defaultConfigurationIsVisible = 0;
			defaultConfigurationName = Release;
		};
		6818017E25ACD498005376A9 /* Build configuration list for PBXNativeTarget "FooBarUITests" */ = {
			isa = XCConfigurationList;
			buildConfigurations = (
				6818017F25ACD498005376A9 /* Debug */,
				6818018025ACD498005376A9 /* Release */,
			);
			defaultConfigurationIsVisible = 0;
			defaultConfigurationName = Release;
		};
/* End XCConfigurationList section */
	};
	rootObject = 6818014625ACD494005376A9 /* Project object */;
}
